
Microsoft Visual Studio Solution File, Format Version 12.00
# Visual Studio Version 17
VisualStudioVersion = 17.6.33723.286
MinimumVisualStudioVersion = 10.0.40219.1
Project("{FAE04EC0-301F-11D3-BF4B-00C04F79EFBC}") = "WinFormsApp1", "WinFormsApp1.csproj", "{5C976694-521B-4AEC-A931-62CC6D91448A}"
EndProject
Global
	GlobalSection(SolutionConfigurationPlatforms) = preSolution
		Debug|Any CPU = Debug|Any CPU
		Release|Any CPU = Release|Any CPU
	EndGlobalSection
	GlobalSection(ProjectConfigurationPlatforms) = postSolution
		{5C976694-521B-4AEC-A931-62CC6D91448A}.Debug|Any CPU.ActiveCfg = Debug|Any CPU
		{5C976694-521B-4AEC-A931-62CC6D91448A}.Debug|Any CPU.Build.0 = Debug|Any CPU
		{5C976694-521B-4AEC-A931-62CC6D91448A}.Release|Any CPU.ActiveCfg = Release|Any CPU
		{5C976694-521B-4AEC-A931-62CC6D91448A}.Release|Any CPU.Build.0 = Release|Any CPU
	EndGlobalSection
	GlobalSection(SolutionProperties) = preSolution
		HideSolutionNode = FALSE
	EndGlobalSection
	GlobalSection(ExtensibilityGlobals) = postSolution
		SolutionGuid = {14C5991F-A4B4-491A-9D2D-7EE96F26ABBE}
	EndGlobalSection
EndGlobal
